
Microsoft Visual Studio Solution File, Format Version 12.00
# Visual Studio Version 17
VisualStudioVersion = 17.3.32929.385
MinimumVisualStudioVersion = 10.0.40219.1
Project("{FAE04EC0-301F-11D3-BF4B-00C04F79EFBC}") = "05. Salary", "05. Salary.csproj", "{EC969ED7-A6A4-4F8F-8DBD-044D9C3D5CDA}"
EndProject
Global
	GlobalSection(SolutionConfigurationPlatforms) = preSolution
		Debug|Any CPU = Debug|Any CPU
		Release|Any CPU = Release|Any CPU
	EndGlobalSection
	GlobalSection(ProjectConfigurationPlatforms) = postSolution
		{EC969ED7-A6A4-4F8F-8DBD-044D9C3D5CDA}.Debug|Any CPU.ActiveCfg = Debug|Any CPU
		{EC969ED7-A6A4-4F8F-8DBD-044D9C3D5CDA}.Debug|Any CPU.Build.0 = Debug|Any CPU
		{EC969ED7-A6A4-4F8F-8DBD-044D9C3D5CDA}.Release|Any CPU.ActiveCfg = Release|Any CPU
		{EC969ED7-A6A4-4F8F-8DBD-044D9C3D5CDA}.Release|Any CPU.Build.0 = Release|Any CPU
	EndGlobalSection
	GlobalSection(SolutionProperties) = preSolution
		HideSolutionNode = FALSE
	EndGlobalSection
	GlobalSection(ExtensibilityGlobals) = postSolution
		SolutionGuid = {69AF4AD4-2F43-40AD-9C16-8964E2855F2D}
	EndGlobalSection
EndGlobal
